// !$*UTF8*$!
{
	archiveVersion = 1;
	classes = {
	};
	objectVersion = 46;
	objects = {

/* Begin PBXBuildFile section */
		D5FB9FED1E4C4C3E006625D3 /* main.m in Sources */ = {isa = PBXBuildFile; fileRef = D5FB9FEC1E4C4C3E006625D3 /* main.m */; };
		D5FB9FF01E4C4C3E006625D3 /* AppDelegate.m in Sources */ = {isa = PBXBuildFile; fileRef = D5FB9FEF1E4C4C3E006625D3 /* AppDelegate.m */; };
		D5FB9FF31E4C4C3E006625D3 /* ViewController.m in Sources */ = {isa = PBXBuildFile; fileRef = D5FB9FF21E4C4C3E006625D3 /* ViewController.m */; };
		D5FB9FF61E4C4C3E006625D3 /* Main.storyboard in Resources */ = {isa = PBXBuildFile; fileRef = D5FB9FF41E4C4C3E006625D3 /* Main.storyboard */; };
		D5FB9FF81E4C4C3E006625D3 /* Assets.xcassets in Resources */ = {isa = PBXBuildFile; fileRef = D5FB9FF71E4C4C3E006625D3 /* Assets.xcassets */; };
		D5FB9FFB1E4C4C3E006625D3 /* LaunchScreen.storyboard in Resources */ = {isa = PBXBuildFile; fileRef = D5FB9FF91E4C4C3E006625D3 /* LaunchScreen.storyboard */; };
		D5FBA00D1E4C4C57006625D3 /* BaoBiaoItem.m in Sources */ = {isa = PBXBuildFile; fileRef = D5FBA0041E4C4C57006625D3 /* BaoBiaoItem.m */; };
		D5FBA00E1E4C4C57006625D3 /* BaoBiaoItem.xib in Resources */ = {isa = PBXBuildFile; fileRef = D5FBA0051E4C4C57006625D3 /* BaoBiaoItem.xib */; };
		D5FBA00F1E4C4C57006625D3 /* BaoBiaoItemHeader.m in Sources */ = {isa = PBXBuildFile; fileRef = D5FBA0071E4C4C57006625D3 /* BaoBiaoItemHeader.m */; };
		D5FBA0101E4C4C57006625D3 /* BaoBiaoItemHeader.xib in Resources */ = {isa = PBXBuildFile; fileRef = D5FBA0081E4C4C57006625D3 /* BaoBiaoItemHeader.xib */; };
		D5FBA0111E4C4C57006625D3 /* BaoBiaoLayout.m in Sources */ = {isa = PBXBuildFile; fileRef = D5FBA00A1E4C4C57006625D3 /* BaoBiaoLayout.m */; };
		D5FBA0121E4C4C57006625D3 /* BaoBiaoVC.m in Sources */ = {isa = PBXBuildFile; fileRef = D5FBA00C1E4C4C57006625D3 /* BaoBiaoVC.m */; };
/* End PBXBuildFile section */

/* Begin PBXFileReference section */
		D5FB9FE81E4C4C3E006625D3 /* BaoBiaoDemo.app */ = {isa = PBXFileReference; explicitFileType = wrapper.application; includeInIndex = 0; path = BaoBiaoDemo.app; sourceTree = BUILT_PRODUCTS_DIR; };
		D5FB9FEC1E4C4C3E006625D3 /* main.m */ = {isa = PBXFileReference; lastKnownFileType = sourcecode.c.objc; path = main.m; sourceTree = "<group>"; };
		D5FB9FEE1E4C4C3E006625D3 /* AppDelegate.h */ = {isa = PBXFileReference; lastKnownFileType = sourcecode.c.h; path = AppDelegate.h; sourceTree = "<group>"; };
		D5FB9FEF1E4C4C3E006625D3 /* AppDelegate.m */ = {isa = PBXFileReference; lastKnownFileType = sourcecode.c.objc; path = AppDelegate.m; sourceTree = "<group>"; };
		D5FB9FF11E4C4C3E006625D3 /* ViewController.h */ = {isa = PBXFileReference; lastKnownFileType = sourcecode.c.h; path = ViewController.h; sourceTree = "<group>"; };
		D5FB9FF21E4C4C3E006625D3 /* ViewController.m */ = {isa = PBXFileReference; lastKnownFileType = sourcecode.c.objc; path = ViewController.m; sourceTree = "<group>"; };
		D5FB9FF51E4C4C3E006625D3 /* Base */ = {isa = PBXFileReference; lastKnownFileType = file.storyboard; name = Base; path = Base.lproj/Main.storyboard; sourceTree = "<group>"; };
		D5FB9FF71E4C4C3E006625D3 /* Assets.xcassets */ = {isa = PBXFileReference; lastKnownFileType = folder.assetcatalog; path = Assets.xcassets; sourceTree = "<group>"; };
		D5FB9FFA1E4C4C3E006625D3 /* Base */ = {isa = PBXFileReference; lastKnownFileType = file.storyboard; name = Base; path = Base.lproj/LaunchScreen.storyboard; sourceTree = "<group>"; };
		D5FB9FFC1E4C4C3E006625D3 /* Info.plist */ = {isa = PBXFileReference; lastKnownFileType = text.plist.xml; path = Info.plist; sourceTree = "<group>"; };
		D5FBA0031E4C4C57006625D3 /* BaoBiaoItem.h */ = {isa = PBXFileReference; fileEncoding = 4; lastKnownFileType = sourcecode.c.h; path = BaoBiaoItem.h; sourceTree = "<group>"; };
		D5FBA0041E4C4C57006625D3 /* BaoBiaoItem.m */ = {isa = PBXFileReference; fileEncoding = 4; lastKnownFileType = sourcecode.c.objc; path = BaoBiaoItem.m; sourceTree = "<group>"; };
		D5FBA0051E4C4C57006625D3 /* BaoBiaoItem.xib */ = {isa = PBXFileReference; fileEncoding = 4; lastKnownFileType = file.xib; path = BaoBiaoItem.xib; sourceTree = "<group>"; };
		D5FBA0061E4C4C57006625D3 /* BaoBiaoItemHeader.h */ = {isa = PBXFileReference; fileEncoding = 4; lastKnownFileType = sourcecode.c.h; path = BaoBiaoItemHeader.h; sourceTree = "<group>"; };
		D5FBA0071E4C4C57006625D3 /* BaoBiaoItemHeader.m */ = {isa = PBXFileReference; fileEncoding = 4; lastKnownFileType = sourcecode.c.objc; path = BaoBiaoItemHeader.m; sourceTree = "<group>"; };
		D5FBA0081E4C4C57006625D3 /* BaoBiaoItemHeader.xib */ = {isa = PBXFileReference; fileEncoding = 4; lastKnownFileType = file.xib; path = BaoBiaoItemHeader.xib; sourceTree = "<group>"; };
		D5FBA0091E4C4C57006625D3 /* BaoBiaoLayout.h */ = {isa = PBXFileReference; fileEncoding = 4; lastKnownFileType = sourcecode.c.h; path = BaoBiaoLayout.h; sourceTree = "<group>"; };
		D5FBA00A1E4C4C57006625D3 /* BaoBiaoLayout.m */ = {isa = PBXFileReference; fileEncoding = 4; lastKnownFileType = sourcecode.c.objc; path = BaoBiaoLayout.m; sourceTree = "<group>"; };
		D5FBA00B1E4C4C57006625D3 /* BaoBiaoVC.h */ = {isa = PBXFileReference; fileEncoding = 4; lastKnownFileType = sourcecode.c.h; path = BaoBiaoVC.h; sourceTree = "<group>"; };
		D5FBA00C1E4C4C57006625D3 /* BaoBiaoVC.m */ = {isa = PBXFileReference; fileEncoding = 4; lastKnownFileType = sourcecode.c.objc; path = BaoBiaoVC.m; sourceTree = "<group>"; };
/* End PBXFileReference section */

/* Begin PBXFrameworksBuildPhase section */
		D5FB9FE51E4C4C3E006625D3 /* Frameworks */ = {
			isa = PBXFrameworksBuildPhase;
			buildActionMask = 2147483647;
			files = (
			);
			runOnlyForDeploymentPostprocessing = 0;
		};
/* End PBXFrameworksBuildPhase section */

/* Begin PBXGroup section */
		D5FB9FDF1E4C4C3E006625D3 = {
			isa = PBXGroup;
			children = (
				D5FB9FEA1E4C4C3E006625D3 /* BaoBiaoDemo */,
				D5FB9FE91E4C4C3E006625D3 /* Products */,
			);
			sourceTree = "<group>";
		};
		D5FB9FE91E4C4C3E006625D3 /* Products */ = {
			isa = PBXGroup;
			children = (
				D5FB9FE81E4C4C3E006625D3 /* BaoBiaoDemo.app */,
			);
			name = Products;
			sourceTree = "<group>";
		};
		D5FB9FEA1E4C4C3E006625D3 /* BaoBiaoDemo */ = {
			isa = PBXGroup;
			children = (
				D5FBA0021E4C4C57006625D3 /* 报表 */,
				D5FB9FEE1E4C4C3E006625D3 /* AppDelegate.h */,
				D5FB9FEF1E4C4C3E006625D3 /* AppDelegate.m */,
				D5FB9FF11E4C4C3E006625D3 /* ViewController.h */,
				D5FB9FF21E4C4C3E006625D3 /* ViewController.m */,
				D5FB9FF41E4C4C3E006625D3 /* Main.storyboard */,
				D5FB9FF71E4C4C3E006625D3 /* Assets.xcassets */,
				D5FB9FF91E4C4C3E006625D3 /* LaunchScreen.storyboard */,
				D5FB9FFC1E4C4C3E006625D3 /* Info.plist */,
				D5FB9FEB1E4C4C3E006625D3 /* Supporting Files */,
			);
			path = BaoBiaoDemo;
			sourceTree = "<group>";
		};
		D5FB9FEB1E4C4C3E006625D3 /* Supporting Files */ = {
			isa = PBXGroup;
			children = (
				D5FB9FEC1E4C4C3E006625D3 /* main.m */,
			);
			name = "Supporting Files";
			sourceTree = "<group>";
		};
		D5FBA0021E4C4C57006625D3 /* 报表 */ = {
			isa = PBXGroup;
			children = (
				D5FBA0031E4C4C57006625D3 /* BaoBiaoItem.h */,
				D5FBA0041E4C4C57006625D3 /* BaoBiaoItem.m */,
				D5FBA0051E4C4C57006625D3 /* BaoBiaoItem.xib */,
				D5FBA0061E4C4C57006625D3 /* BaoBiaoItemHeader.h */,
				D5FBA0071E4C4C57006625D3 /* BaoBiaoItemHeader.m */,
				D5FBA0081E4C4C57006625D3 /* BaoBiaoItemHeader.xib */,
				D5FBA0091E4C4C57006625D3 /* BaoBiaoLayout.h */,
				D5FBA00A1E4C4C57006625D3 /* BaoBiaoLayout.m */,
				D5FBA00B1E4C4C57006625D3 /* BaoBiaoVC.h */,
				D5FBA00C1E4C4C57006625D3 /* BaoBiaoVC.m */,
			);
			path = "报表";
			sourceTree = "<group>";
		};
/* End PBXGroup section */

/* Begin PBXNativeTarget section */
		D5FB9FE71E4C4C3E006625D3 /* BaoBiaoDemo */ = {
			isa = PBXNativeTarget;
			buildConfigurationList = D5FB9FFF1E4C4C3E006625D3 /* Build configuration list for PBXNativeTarget "BaoBiaoDemo" */;
			buildPhases = (
				D5FB9FE41E4C4C3E006625D3 /* Sources */,
				D5FB9FE51E4C4C3E006625D3 /* Frameworks */,
				D5FB9FE61E4C4C3E006625D3 /* Resources */,
			);
			buildRules = (
			);
			dependencies = (
			);
			name = BaoBiaoDemo;
			productName = BaoBiaoDemo;
			productReference = D5FB9FE81E4C4C3E006625D3 /* BaoBiaoDemo.app */;
			productType = "com.apple.product-type.application";
		};
/* End PBXNativeTarget section */

/* Begin PBXProject section */
		D5FB9FE01E4C4C3E006625D3 /* Project object */ = {
			isa = PBXProject;
			attributes = {
				LastUpgradeCheck = 0820;
				ORGANIZATIONNAME = zeng;
				TargetAttributes = {
					D5FB9FE71E4C4C3E006625D3 = {
						CreatedOnToolsVersion = 8.2.1;
						DevelopmentTeam = ZXAHSZ46DB;
						ProvisioningStyle = Automatic;
					};
				};
			};
			buildConfigurationList = D5FB9FE31E4C4C3E006625D3 /* Build configuration list for PBXProject "BaoBiaoDemo" */;
			compatibilityVersion = "Xcode 3.2";
			developmentRegion = English;
			hasScannedForEncodings = 0;
			knownRegions = (
				en,
				Base,
			);
			mainGroup = D5FB9FDF1E4C4C3E006625D3;
			productRefGroup = D5FB9FE91E4C4C3E006625D3 /* Products */;
			projectDirPath = "";
			projectRoot = "";
			targets = (
				D5FB9FE71E4C4C3E006625D3 /* BaoBiaoDemo */,
			);
		};
/* End PBXProject section */

/* Begin PBXResourcesBuildPhase section */
		D5FB9FE61E4C4C3E006625D3 /* Resources */ = {
			isa = PBXResourcesBuildPhase;
			buildActionMask = 2147483647;
			files = (
				D5FBA00E1E4C4C57006625D3 /* BaoBiaoItem.xib in Resources */,
				D5FB9FFB1E4C4C3E006625D3 /* LaunchScreen.storyboard in Resources */,
				D5FBA0101E4C4C57006625D3 /* BaoBiaoItemHeader.xib in Resources */,
				D5FB9FF81E4C4C3E006625D3 /* Assets.xcassets in Resources */,
				D5FB9FF61E4C4C3E006625D3 /* Main.storyboard in Resources */,
			);
			runOnlyForDeploymentPostprocessing = 0;
		};
/* End PBXResourcesBuildPhase section */

/* Begin PBXSourcesBuildPhase section */
		D5FB9FE41E4C4C3E006625D3 /* Sources */ = {
			isa = PBXSourcesBuildPhase;
			buildActionMask = 2147483647;
			files = (
				D5FBA00D1E4C4C57006625D3 /* BaoBiaoItem.m in Sources */,
				D5FBA0111E4C4C57006625D3 /* BaoBiaoLayout.m in Sources */,
				D5FBA00F1E4C4C57006625D3 /* BaoBiaoItemHeader.m in Sources */,
				D5FB9FF31E4C4C3E006625D3 /* ViewController.m in Sources */,
				D5FB9FF01E4C4C3E006625D3 /* AppDelegate.m in Sources */,
				D5FBA0121E4C4C57006625D3 /* BaoBiaoVC.m in Sources */,
				D5FB9FED1E4C4C3E006625D3 /* main.m in Sources */,
			);
			runOnlyForDeploymentPostprocessing = 0;
		};
/* End PBXSourcesBuildPhase section */

/* Begin PBXVariantGroup section */
		D5FB9FF41E4C4C3E006625D3 /* Main.storyboard */ = {
			isa = PBXVariantGroup;
			children = (
				D5FB9FF51E4C4C3E006625D3 /* Base */,
			);
			name = Main.storyboard;
			sourceTree = "<group>";
		};
		D5FB9FF91E4C4C3E006625D3 /* LaunchScreen.storyboard */ = {
			isa = PBXVariantGroup;
			children = (
				D5FB9FFA1E4C4C3E006625D3 /* Base */,
			);
			name = LaunchScreen.storyboard;
			sourceTree = "<group>";
		};
/* End PBXVariantGroup section */

/* Begin XCBuildConfiguration section */
		D5FB9FFD1E4C4C3E006625D3 /* Debug */ = {
			isa = XCBuildConfiguration;
			buildSettings = {
				ALWAYS_SEARCH_USER_PATHS = NO;
				CLANG_ANALYZER_NONNULL = YES;
				CLANG_CXX_LANGUAGE_STANDARD = "gnu++0x";
				CLANG_CXX_LIBRARY = "libc++";
				CLANG_ENABLE_MODULES = YES;
				CLANG_ENABLE_OBJC_ARC = YES;
				CLANG_WARN_BOOL_CONVERSION = YES;
				CLANG_WARN_CONSTANT_CONVERSION = YES;
				CLANG_WARN_DIRECT_OBJC_ISA_USAGE = YES_ERROR;
				CLANG_WARN_DOCUMENTATION_COMMENTS = YES;
				CLANG_WARN_EMPTY_BODY = YES;
				CLANG_WARN_ENUM_CONVERSION = YES;
				CLANG_WARN_INFINITE_RECURSION = YES;
				CLANG_WARN_INT_CONVERSION = YES;
				CLANG_WARN_OBJC_ROOT_CLASS = YES_ERROR;
				CLANG_WARN_SUSPICIOUS_MOVE = YES;
				CLANG_WARN_UNREACHABLE_CODE = YES;
				CLANG_WARN__DUPLICATE_METHOD_MATCH = YES;
				"CODE_SIGN_IDENTITY[sdk=iphoneos*]" = "iPhone Developer";
				COPY_PHASE_STRIP = NO;
				DEBUG_INFORMATION_FORMAT = dwarf;
				ENABLE_STRICT_OBJC_MSGSEND = YES;
				ENABLE_TESTABILITY = YES;
				GCC_C_LANGUAGE_STANDARD = gnu99;
				GCC_DYNAMIC_NO_PIC = NO;
				GCC_NO_COMMON_BLOCKS = YES;
				GCC_OPTIMIZATION_LEVEL = 0;
				GCC_PREPROCESSOR_DEFINITIONS = (
					"DEBUG=1",
					"$(inherited)",
				);
				GCC_WARN_64_TO_32_BIT_CONVERSION = YES;
				GCC_WARN_ABOUT_RETURN_TYPE = YES_ERROR;
				GCC_WARN_UNDECLARED_SELECTOR = YES;
				GCC_WARN_UNINITIALIZED_AUTOS = YES_AGGRESSIVE;
				GCC_WARN_UNUSED_FUNCTION = YES;
				GCC_WARN_UNUSED_VARIABLE = YES;
				IPHONEOS_DEPLOYMENT_TARGET = 10.2;
				MTL_ENABLE_DEBUG_INFO = YES;
				ONLY_ACTIVE_ARCH = YES;
				SDKROOT = iphoneos;
				TARGETED_DEVICE_FAMILY = "1,2";
			};
			name = Debug;
		};
		D5FB9FFE1E4C4C3E006625D3 /* Release */ = {
			isa = XCBuildConfiguration;
			buildSettings = {
				ALWAYS_SEARCH_USER_PATHS = NO;
				CLANG_ANALYZER_NONNULL = YES;
				CLANG_CXX_LANGUAGE_STANDARD = "gnu++0x";
				CLANG_CXX_LIBRARY = "libc++";
				CLANG_ENABLE_MODULES = YES;
				CLANG_ENABLE_OBJC_ARC = YES;
				CLANG_WARN_BOOL_CONVERSION = YES;
				CLANG_WARN_CONSTANT_CONVERSION = YES;
				CLANG_WARN_DIRECT_OBJC_ISA_USAGE = YES_ERROR;
				CLANG_WARN_DOCUMENTATION_COMMENTS = YES;
				CLANG_WARN_EMPTY_BODY = YES;
				CLANG_WARN_ENUM_CONVERSION = YES;
				CLANG_WARN_INFINITE_RECURSION = YES;
				CLANG_WARN_INT_CONVERSION = YES;
				CLANG_WARN_OBJC_ROOT_CLASS = YES_ERROR;
				CLANG_WARN_SUSPICIOUS_MOVE = YES;
				CLANG_WARN_UNREACHABLE_CODE = YES;
				CLANG_WARN__DUPLICATE_METHOD_MATCH = YES;
				"CODE_SIGN_IDENTITY[sdk=iphoneos*]" = "iPhone Developer";
				COPY_PHASE_STRIP = NO;
				DEBUG_INFORMATION_FORMAT = "dwarf-with-dsym";
				ENABLE_NS_ASSERTIONS = NO;
				ENABLE_STRICT_OBJC_MSGSEND = YES;
				GCC_C_LANGUAGE_STANDARD = gnu99;
				GCC_NO_COMMON_BLOCKS = YES;
				GCC_WARN_64_TO_32_BIT_CONVERSION = YES;
				GCC_WARN_ABOUT_RETURN_TYPE = YES_ERROR;
				GCC_WARN_UNDECLARED_SELECTOR = YES;
				GCC_WARN_UNINITIALIZED_AUTOS = YES_AGGRESSIVE;
				GCC_WARN_UNUSED_FUNCTION = YES;
				GCC_WARN_UNUSED_VARIABLE = YES;
				IPHONEOS_DEPLOYMENT_TARGET = 10.2;
				MTL_ENABLE_DEBUG_INFO = NO;
				SDKROOT = iphoneos;
				TARGETED_DEVICE_FAMILY = "1,2";
				VALIDATE_PRODUCT = YES;
			};
			name = Release;
		};
		D5FBA0001E4C4C3E006625D3 /* Debug */ = {
			isa = XCBuildConfiguration;
			buildSettings = {
				ASSETCATALOG_COMPILER_APPICON_NAME = AppIcon;
				DEVELOPMENT_TEAM = ZXAHSZ46DB;
				INFOPLIST_FILE = BaoBiaoDemo/Info.plist;
				IPHONEOS_DEPLOYMENT_TARGET = 8.0;
				LD_RUNPATH_SEARCH_PATHS = "$(inherited) @executable_path/Frameworks";
				PRODUCT_BUNDLE_IDENTIFIER = zeng.BaoBiaoDemo;
				PRODUCT_NAME = "$(TARGET_NAME)";
			};
			name = Debug;
		};
		D5FBA0011E4C4C3E006625D3 /* Release */ = {
			isa = XCBuildConfiguration;
			buildSettings = {
				ASSETCATALOG_COMPILER_APPICON_NAME = AppIcon;
				DEVELOPMENT_TEAM = ZXAHSZ46DB;
				INFOPLIST_FILE = BaoBiaoDemo/Info.plist;
				IPHONEOS_DEPLOYMENT_TARGET = 8.0;
				LD_RUNPATH_SEARCH_PATHS = "$(inherited) @executable_path/Frameworks";
				PRODUCT_BUNDLE_IDENTIFIER = zeng.BaoBiaoDemo;
				PRODUCT_NAME = "$(TARGET_NAME)";
			};
			name = Release;
		};
/* End XCBuildConfiguration section */

/* Begin XCConfigurationList section */
		D5FB9FE31E4C4C3E006625D3 /* Build configuration list for PBXProject "BaoBiaoDemo" */ = {
			isa = XCConfigurationList;
			buildConfigurations = (
				D5FB9FFD1E4C4C3E006625D3 /* Debug */,
				D5FB9FFE1E4C4C3E006625D3 /* Release */,
			);
			defaultConfigurationIsVisible = 0;
			defaultConfigurationName = Release;
		};
		D5FB9FFF1E4C4C3E006625D3 /* Build configuration list for PBXNativeTarget "BaoBiaoDemo" */ = {
			isa = XCConfigurationList;
			buildConfigurations = (
				D5FBA0001E4C4C3E006625D3 /* Debug */,
				D5FBA0011E4C4C3E006625D3 /* Release */,
			);
			defaultConfigurationIsVisible = 0;
		};
/* End XCConfigurationList section */
	};
	rootObject = D5FB9FE01E4C4C3E006625D3 /* Project object */;
}
